
Microsoft Visual Studio Solution File, Format Version 12.00
# Visual Studio Version 16
VisualStudioVersion = 16.0.29709.97
MinimumVisualStudioVersion = 10.0.40219.1
Project("{FAE04EC0-301F-11D3-BF4B-00C04F79EFBC}") = "NFA.Android", "NFA\NFA.Android\NFA.Android.csproj", "{33380E25-2A14-49EB-BC5E-04D476F66732}"
EndProject
Project("{FAE04EC0-301F-11D3-BF4B-00C04F79EFBC}") = "NFA.iOS", "NFA\NFA.iOS\NFA.iOS.csproj", "{1E064F13-D0FB-4E9B-9369-8659366600F7}"
EndProject
Project("{FAE04EC0-301F-11D3-BF4B-00C04F79EFBC}") = "NFA", "NFA\NFA\NFA.csproj", "{28244824-0B5B-45BE-AE40-0EF0F8C9D1E6}"
EndProject
Global
	GlobalSection(SolutionConfigurationPlatforms) = preSolution
		Debug|Any CPU = Debug|Any CPU
		Debug|iPhone = Debug|iPhone
		Debug|iPhoneSimulator = Debug|iPhoneSimulator
		Release|Any CPU = Release|Any CPU
		Release|iPhone = Release|iPhone
		Release|iPhoneSimulator = Release|iPhoneSimulator
	EndGlobalSection
	GlobalSection(ProjectConfigurationPlatforms) = postSolution
		{33380E25-2A14-49EB-BC5E-04D476F66732}.Debug|Any CPU.ActiveCfg = Debug|Any CPU
		{33380E25-2A14-49EB-BC5E-04D476F66732}.Debug|Any CPU.Build.0 = Debug|Any CPU
		{33380E25-2A14-49EB-BC5E-04D476F66732}.Debug|Any CPU.Deploy.0 = Debug|Any CPU
		{33380E25-2A14-49EB-BC5E-04D476F66732}.Debug|iPhone.ActiveCfg = Debug|Any CPU
		{33380E25-2A14-49EB-BC5E-04D476F66732}.Debug|iPhone.Build.0 = Debug|Any CPU
		{33380E25-2A14-49EB-BC5E-04D476F66732}.Debug|iPhone.Deploy.0 = Debug|Any CPU
		{33380E25-2A14-49EB-BC5E-04D476F66732}.Debug|iPhoneSimulator.ActiveCfg = Debug|Any CPU
		{33380E25-2A14-49EB-BC5E-04D476F66732}.Debug|iPhoneSimulator.Build.0 = Debug|Any CPU
		{33380E25-2A14-49EB-BC5E-04D476F66732}.Debug|iPhoneSimulator.Deploy.0 = Debug|Any CPU
		{33380E25-2A14-49EB-BC5E-04D476F66732}.Release|Any CPU.ActiveCfg = Release|Any CPU
		{33380E25-2A14-49EB-BC5E-04D476F66732}.Release|Any CPU.Build.0 = Release|Any CPU
		{33380E25-2A14-49EB-BC5E-04D476F66732}.Release|Any CPU.Deploy.0 = Release|Any CPU
		{33380E25-2A14-49EB-BC5E-04D476F66732}.Release|iPhone.ActiveCfg = Release|Any CPU
		{33380E25-2A14-49EB-BC5E-04D476F66732}.Release|iPhone.Build.0 = Release|Any CPU
		{33380E25-2A14-49EB-BC5E-04D476F66732}.Release|iPhone.Deploy.0 = Release|Any CPU
		{33380E25-2A14-49EB-BC5E-04D476F66732}.Release|iPhoneSimulator.ActiveCfg = Release|Any CPU
		{33380E25-2A14-49EB-BC5E-04D476F66732}.Release|iPhoneSimulator.Build.0 = Release|Any CPU
		{33380E25-2A14-49EB-BC5E-04D476F66732}.Release|iPhoneSimulator.Deploy.0 = Release|Any CPU
		{1E064F13-D0FB-4E9B-9369-8659366600F7}.Debug|Any CPU.ActiveCfg = Debug|iPhoneSimulator
		{1E064F13-D0FB-4E9B-9369-8659366600F7}.Debug|Any CPU.Build.0 = Debug|iPhoneSimulator
		{1E064F13-D0FB-4E9B-9369-8659366600F7}.Debug|Any CPU.Deploy.0 = Debug|iPhoneSimulator
		{1E064F13-D0FB-4E9B-9369-8659366600F7}.Debug|iPhone.ActiveCfg = Debug|iPhone
		{1E064F13-D0FB-4E9B-9369-8659366600F7}.Debug|iPhone.Build.0 = Debug|iPhone
		{1E064F13-D0FB-4E9B-9369-8659366600F7}.Debug|iPhone.Deploy.0 = Debug|iPhone
		{1E064F13-D0FB-4E9B-9369-8659366600F7}.Debug|iPhoneSimulator.ActiveCfg = Debug|iPhoneSimulator
		{1E064F13-D0FB-4E9B-9369-8659366600F7}.Debug|iPhoneSimulator.Build.0 = Debug|iPhoneSimulator
		{1E064F13-D0FB-4E9B-9369-8659366600F7}.Debug|iPhoneSimulator.Deploy.0 = Debug|iPhoneSimulator
		{1E064F13-D0FB-4E9B-9369-8659366600F7}.Release|Any CPU.ActiveCfg = Release|iPhone
		{1E064F13-D0FB-4E9B-9369-8659366600F7}.Release|Any CPU.Build.0 = Release|iPhone
		{1E064F13-D0FB-4E9B-9369-8659366600F7}.Release|Any CPU.Deploy.0 = Release|iPhone
		{1E064F13-D0FB-4E9B-9369-8659366600F7}.Release|iPhone.ActiveCfg = Release|iPhone
		{1E064F13-D0FB-4E9B-9369-8659366600F7}.Release|iPhone.Build.0 = Release|iPhone
		{1E064F13-D0FB-4E9B-9369-8659366600F7}.Release|iPhone.Deploy.0 = Release|iPhone
		{1E064F13-D0FB-4E9B-9369-8659366600F7}.Release|iPhoneSimulator.ActiveCfg = Release|iPhoneSimulator
		{1E064F13-D0FB-4E9B-9369-8659366600F7}.Release|iPhoneSimulator.Build.0 = Release|iPhoneSimulator
		{1E064F13-D0FB-4E9B-9369-8659366600F7}.Release|iPhoneSimulator.Deploy.0 = Release|iPhoneSimulator
		{28244824-0B5B-45BE-AE40-0EF0F8C9D1E6}.Debug|Any CPU.ActiveCfg = Debug|Any CPU
		{28244824-0B5B-45BE-AE40-0EF0F8C9D1E6}.Debug|Any CPU.Build.0 = Debug|Any CPU
		{28244824-0B5B-45BE-AE40-0EF0F8C9D1E6}.Debug|Any CPU.Deploy.0 = Debug|Any CPU
		{28244824-0B5B-45BE-AE40-0EF0F8C9D1E6}.Debug|iPhone.ActiveCfg = Debug|Any CPU
		{28244824-0B5B-45BE-AE40-0EF0F8C9D1E6}.Debug|iPhone.Build.0 = Debug|Any CPU
		{28244824-0B5B-45BE-AE40-0EF0F8C9D1E6}.Debug|iPhone.Deploy.0 = Debug|Any CPU
		{28244824-0B5B-45BE-AE40-0EF0F8C9D1E6}.Debug|iPhoneSimulator.ActiveCfg = Debug|Any CPU
		{28244824-0B5B-45BE-AE40-0EF0F8C9D1E6}.Debug|iPhoneSimulator.Build.0 = Debug|Any CPU
		{28244824-0B5B-45BE-AE40-0EF0F8C9D1E6}.Debug|iPhoneSimulator.Deploy.0 = Debug|Any CPU
		{28244824-0B5B-45BE-AE40-0EF0F8C9D1E6}.Release|Any CPU.ActiveCfg = Release|Any CPU
		{28244824-0B5B-45BE-AE40-0EF0F8C9D1E6}.Release|Any CPU.Build.0 = Release|Any CPU
		{28244824-0B5B-45BE-AE40-0EF0F8C9D1E6}.Release|Any CPU.Deploy.0 = Release|Any CPU
		{28244824-0B5B-45BE-AE40-0EF0F8C9D1E6}.Release|iPhone.ActiveCfg = Release|Any CPU
		{28244824-0B5B-45BE-AE40-0EF0F8C9D1E6}.Release|iPhone.Build.0 = Release|Any CPU
		{28244824-0B5B-45BE-AE40-0EF0F8C9D1E6}.Release|iPhone.Deploy.0 = Release|Any CPU
		{28244824-0B5B-45BE-AE40-0EF0F8C9D1E6}.Release|iPhoneSimulator.ActiveCfg = Release|Any CPU
		{28244824-0B5B-45BE-AE40-0EF0F8C9D1E6}.Release|iPhoneSimulator.Build.0 = Release|Any CPU
		{28244824-0B5B-45BE-AE40-0EF0F8C9D1E6}.Release|iPhoneSimulator.Deploy.0 = Release|Any CPU
	EndGlobalSection
	GlobalSection(SolutionProperties) = preSolution
		HideSolutionNode = FALSE
	EndGlobalSection
	GlobalSection(ExtensibilityGlobals) = postSolution
		SolutionGuid = {BD6BF233-54EF-4D5D-AAB1-8D6F25C2A951}
	EndGlobalSection
EndGlobal
